
Microsoft Visual Studio Solution File, Format Version 12.00
# Visual Studio Version 16
VisualStudioVersion = 16.0.29306.81
MinimumVisualStudioVersion = 10.0.40219.1
Project("{2150E333-8FDC-42A3-9474-1A3956D46DE8}") = "Libraries", "Libraries", "{8F9367C1-11B4-4597-B609-093058B07097}"
EndProject
Project("{2150E333-8FDC-42A3-9474-1A3956D46DE8}") = "Presentation", "Presentation", "{FE94B3BB-70A2-4E2F-9FC0-FEB8E9F55993}"
EndProject
Project("{9A19103F-16F7-4668-BE54-9A1E7A4F7556}") = "Xms.Module.DataImport.Web", "Presentation\Xms.Module.DataImport.Web.csproj", "{8D783008-93FA-4844-B306-2A4F5EC73404}"
EndProject
Project("{9A19103F-16F7-4668-BE54-9A1E7A4F7556}") = "Xms.Data.Import", "Libraries\Xms.Data.Import\Xms.Data.Import.csproj", "{1469638E-CFBC-482A-9089-BDA02D7BCB2E}"
EndProject
Project("{2150E333-8FDC-42A3-9474-1A3956D46DE8}") = "Preferences", "Preferences", "{8C8950BF-0B46-477C-9087-DC8A99599F7D}"
	ProjectSection(SolutionItems) = preProject
		Preferences\Microsoft.Extensions.Configuration.Binder.dll = Preferences\Microsoft.Extensions.Configuration.Binder.dll
		Preferences\Newtonsoft.Json.dll = Preferences\Newtonsoft.Json.dll
		Preferences\NPOI.dll = Preferences\NPOI.dll
		Preferences\PetaPoco.dll = Preferences\PetaPoco.dll
		Preferences\Xms.Caching.dll = Preferences\Xms.Caching.dll
		Preferences\Xms.Configuration.dll = Preferences\Xms.Configuration.dll
		Preferences\Xms.Configuration.Domain.dll = Preferences\Xms.Configuration.Domain.dll
		Preferences\Xms.Context.dll = Preferences\Xms.Context.dll
		Preferences\Xms.Core.dll = Preferences\Xms.Core.dll
		Preferences\Xms.Data.dll = Preferences\Xms.Data.dll
		Preferences\Xms.Domain.dll = Preferences\Xms.Domain.dll
		Preferences\Xms.File.dll = Preferences\Xms.File.dll
		Preferences\Xms.File.Extensions.dll = Preferences\Xms.File.Extensions.dll
		Preferences\Xms.Identity.dll = Preferences\Xms.Identity.dll
		Preferences\Xms.Infrastructure.dll = Preferences\Xms.Infrastructure.dll
		Preferences\Xms.Localization.Abstractions.dll = Preferences\Xms.Localization.Abstractions.dll
		Preferences\Xms.Localization.dll = Preferences\Xms.Localization.dll
		Preferences\Xms.Localization.Domain.dll = Preferences\Xms.Localization.Domain.dll
		Preferences\Xms.Logging.Abstractions.dll = Preferences\Xms.Logging.Abstractions.dll
		Preferences\Xms.Logging.AppLog.dll = Preferences\Xms.Logging.AppLog.dll
		Preferences\Xms.Logging.DataLog.dll = Preferences\Xms.Logging.DataLog.dll
		Preferences\Xms.Module.Abstractions.dll = Preferences\Xms.Module.Abstractions.dll
		Preferences\Xms.Module.Core.dll = Preferences\Xms.Module.Core.dll
		Preferences\Xms.Module.dll = Preferences\Xms.Module.dll
		Preferences\Xms.Organization.dll = Preferences\Xms.Organization.dll
		Preferences\Xms.Organization.Domain.dll = Preferences\Xms.Organization.Domain.dll
		Preferences\Xms.QueryView.Abstractions.dll = Preferences\Xms.QueryView.Abstractions.dll
		Preferences\Xms.QueryView.dll = Preferences\Xms.QueryView.dll
		Preferences\Xms.QueryView.Domain.dll = Preferences\Xms.QueryView.Domain.dll
		Preferences\Xms.Schema.Abstractions.dll = Preferences\Xms.Schema.Abstractions.dll
		Preferences\Xms.Schema.dll = Preferences\Xms.Schema.dll
		Preferences\Xms.Schema.Domain.dll = Preferences\Xms.Schema.Domain.dll
		Preferences\Xms.Schema.Extensions.dll = Preferences\Xms.Schema.Extensions.dll
		Preferences\Xms.Sdk.Abstractions.dll = Preferences\Xms.Sdk.Abstractions.dll
		Preferences\Xms.Sdk.dll = Preferences\Xms.Sdk.dll
		Preferences\Xms.Sdk.Event.dll = Preferences\Xms.Sdk.Event.dll
		Preferences\Xms.Sdk.Extensions.dll = Preferences\Xms.Sdk.Extensions.dll
		Preferences\Xms.Security.Abstractions.dll = Preferences\Xms.Security.Abstractions.dll
		Preferences\Xms.Security.DataAuthorization.dll = Preferences\Xms.Security.DataAuthorization.dll
		Preferences\Xms.Security.Domain.dll = Preferences\Xms.Security.Domain.dll
		Preferences\Xms.Security.Principal.dll = Preferences\Xms.Security.Principal.dll
		Preferences\Xms.Security.Resource.dll = Preferences\Xms.Security.Resource.dll
		Preferences\Xms.Security.Role.dll = Preferences\Xms.Security.Role.dll
		Preferences\Xms.Session.dll = Preferences\Xms.Session.dll
		Preferences\Xms.SiteMap.dll = Preferences\Xms.SiteMap.dll
		Preferences\Xms.SiteMap.Domain.dll = Preferences\Xms.SiteMap.Domain.dll
		Preferences\Xms.Solution.Abstractions.dll = Preferences\Xms.Solution.Abstractions.dll
		Preferences\Xms.Web.Framework.dll = Preferences\Xms.Web.Framework.dll
	EndProjectSection
EndProject
Global
	GlobalSection(SolutionConfigurationPlatforms) = preSolution
		Debug|Any CPU = Debug|Any CPU
		Release|Any CPU = Release|Any CPU
	EndGlobalSection
	GlobalSection(ProjectConfigurationPlatforms) = postSolution
		{8D783008-93FA-4844-B306-2A4F5EC73404}.Debug|Any CPU.ActiveCfg = Debug|Any CPU
		{8D783008-93FA-4844-B306-2A4F5EC73404}.Debug|Any CPU.Build.0 = Debug|Any CPU
		{8D783008-93FA-4844-B306-2A4F5EC73404}.Release|Any CPU.ActiveCfg = Release|Any CPU
		{8D783008-93FA-4844-B306-2A4F5EC73404}.Release|Any CPU.Build.0 = Release|Any CPU
		{1469638E-CFBC-482A-9089-BDA02D7BCB2E}.Debug|Any CPU.ActiveCfg = Debug|Any CPU
		{1469638E-CFBC-482A-9089-BDA02D7BCB2E}.Debug|Any CPU.Build.0 = Debug|Any CPU
		{1469638E-CFBC-482A-9089-BDA02D7BCB2E}.Release|Any CPU.ActiveCfg = Release|Any CPU
		{1469638E-CFBC-482A-9089-BDA02D7BCB2E}.Release|Any CPU.Build.0 = Release|Any CPU
	EndGlobalSection
	GlobalSection(SolutionProperties) = preSolution
		HideSolutionNode = FALSE
	EndGlobalSection
	GlobalSection(NestedProjects) = preSolution
		{8D783008-93FA-4844-B306-2A4F5EC73404} = {FE94B3BB-70A2-4E2F-9FC0-FEB8E9F55993}
		{1469638E-CFBC-482A-9089-BDA02D7BCB2E} = {8F9367C1-11B4-4597-B609-093058B07097}
	EndGlobalSection
	GlobalSection(ExtensibilityGlobals) = postSolution
		SolutionGuid = {D3C018F7-3933-4E00-8E34-E8749484D39B}
	EndGlobalSection
EndGlobal
